
Microsoft Visual Studio Solution File, Format Version 12.00
# Visual Studio Version 16
VisualStudioVersion = 16.0.30204.135
MinimumVisualStudioVersion = 10.0.40219.1
Project("{9A19103F-16F7-4668-BE54-9A1E7A4F7556}") = "KonoFandom.XUnitTest", "KonoFandom.XUnitTest\KonoFandom.XUnitTest.csproj", "{7EE9707A-A08F-494E-BAD4-6D95AA5A5477}"
EndProject
Project("{9A19103F-16F7-4668-BE54-9A1E7A4F7556}") = "KonoFandom", "KonoFandom\KonoFandom.csproj", "{3EF3986E-019C-49B0-8356-62172E8CCB4B}"
EndProject
Global
	GlobalSection(SolutionConfigurationPlatforms) = preSolution
		Debug|Any CPU = Debug|Any CPU
		Release|Any CPU = Release|Any CPU
	EndGlobalSection
	GlobalSection(ProjectConfigurationPlatforms) = postSolution
		{7EE9707A-A08F-494E-BAD4-6D95AA5A5477}.Debug|Any CPU.ActiveCfg = Debug|Any CPU
		{7EE9707A-A08F-494E-BAD4-6D95AA5A5477}.Debug|Any CPU.Build.0 = Debug|Any CPU
		{7EE9707A-A08F-494E-BAD4-6D95AA5A5477}.Release|Any CPU.ActiveCfg = Release|Any CPU
		{7EE9707A-A08F-494E-BAD4-6D95AA5A5477}.Release|Any CPU.Build.0 = Release|Any CPU
		{3EF3986E-019C-49B0-8356-62172E8CCB4B}.Debug|Any CPU.ActiveCfg = Debug|Any CPU
		{3EF3986E-019C-49B0-8356-62172E8CCB4B}.Debug|Any CPU.Build.0 = Debug|Any CPU
		{3EF3986E-019C-49B0-8356-62172E8CCB4B}.Release|Any CPU.ActiveCfg = Release|Any CPU
		{3EF3986E-019C-49B0-8356-62172E8CCB4B}.Release|Any CPU.Build.0 = Release|Any CPU
	EndGlobalSection
	GlobalSection(SolutionProperties) = preSolution
		HideSolutionNode = FALSE
	EndGlobalSection
	GlobalSection(ExtensibilityGlobals) = postSolution
		SolutionGuid = {A0FA0579-2424-4774-B769-90BE1178FE92}
	EndGlobalSection
EndGlobal
